
Microsoft Visual Studio Solution File, Format Version 12.00
# Visual Studio 15
VisualStudioVersion = 15.0.26730.3
MinimumVisualStudioVersion = 10.0.40219.1
Project("{FAE04EC0-301F-11D3-BF4B-00C04F79EFBC}") = "DBApi", "DBApi\DBApi.csproj", "{74F9CD24-CCBD-444B-8F09-7F06350449DE}"
EndProject
Project("{FAE04EC0-301F-11D3-BF4B-00C04F79EFBC}") = "DBApi.Tests", "DBApi.Tests\DBApi.Tests.csproj", "{21BB7132-5DFA-48C7-8577-9D2AE163F269}"
EndProject
Global
	GlobalSection(SolutionConfigurationPlatforms) = preSolution
		Debug|Any CPU = Debug|Any CPU
		Release|Any CPU = Release|Any CPU
	EndGlobalSection
	GlobalSection(ProjectConfigurationPlatforms) = postSolution
		{74F9CD24-CCBD-444B-8F09-7F06350449DE}.Debug|Any CPU.ActiveCfg = Debug|Any CPU
		{74F9CD24-CCBD-444B-8F09-7F06350449DE}.Debug|Any CPU.Build.0 = Debug|Any CPU
		{74F9CD24-CCBD-444B-8F09-7F06350449DE}.Release|Any CPU.ActiveCfg = Release|Any CPU
		{74F9CD24-CCBD-444B-8F09-7F06350449DE}.Release|Any CPU.Build.0 = Release|Any CPU
		{21BB7132-5DFA-48C7-8577-9D2AE163F269}.Debug|Any CPU.ActiveCfg = Debug|Any CPU
		{21BB7132-5DFA-48C7-8577-9D2AE163F269}.Debug|Any CPU.Build.0 = Debug|Any CPU
		{21BB7132-5DFA-48C7-8577-9D2AE163F269}.Release|Any CPU.ActiveCfg = Release|Any CPU
		{21BB7132-5DFA-48C7-8577-9D2AE163F269}.Release|Any CPU.Build.0 = Release|Any CPU
	EndGlobalSection
	GlobalSection(SolutionProperties) = preSolution
		HideSolutionNode = FALSE
	EndGlobalSection
	GlobalSection(ExtensibilityGlobals) = postSolution
		SolutionGuid = {4F133551-8E9D-4171-B356-F6C181C0AD27}
	EndGlobalSection
EndGlobal
